Microsoft Visual Studio Solution File, Format Version 12.00
# Visual Studio Version 17
VisualStudioVersion = 17.5.2.0
MinimumVisualStudioVersion = 10.0.40219.1
Project("{FAE04EC0-301F-11D3-BF4B-00C04F79EFBC}") = "juicebora", "juicebora.csproj", "{519E7AAA-C794-1A35-E516-D53C40873104}"
EndProject
Global
	GlobalSection(SolutionConfigurationPlatforms) = preSolution
		Debug|Any CPU = Debug|Any CPU
		Release|Any CPU = Release|Any CPU
	EndGlobalSection
	GlobalSection(ProjectConfigurationPlatforms) = postSolution
		{519E7AAA-C794-1A35-E516-D53C40873104}.Debug|Any CPU.ActiveCfg = Debug|Any CPU
		{519E7AAA-C794-1A35-E516-D53C40873104}.Debug|Any CPU.Build.0 = Debug|Any CPU
		{519E7AAA-C794-1A35-E516-D53C40873104}.Release|Any CPU.ActiveCfg = Release|Any CPU
		{519E7AAA-C794-1A35-E516-D53C40873104}.Release|Any CPU.Build.0 = Release|Any CPU
	EndGlobalSection
	GlobalSection(SolutionProperties) = preSolution
		HideSolutionNode = FALSE
	EndGlobalSection
	GlobalSection(ExtensibilityGlobals) = postSolution
		SolutionGuid = {BFADB1B2-5207-448C-938A-BFD6E7A0E026}
	EndGlobalSection
EndGlobal
